
Microsoft Visual Studio Solution File, Format Version 12.00
# Visual Studio 15
VisualStudioVersion = 15.0.28010.2046
MinimumVisualStudioVersion = 10.0.40219.1
Project("{888888A0-9F3D-457C-B088-3A5042F75D52}") = "Discord Bot", "Discord Bot\Discord Bot.pyproj", "{45FA49D2-7A76-41D5-A930-514AAC3BDE4D}"
EndProject
Global
	GlobalSection(SolutionConfigurationPlatforms) = preSolution
		Debug|Any CPU = Debug|Any CPU
		Release|Any CPU = Release|Any CPU
	EndGlobalSection
	GlobalSection(ProjectConfigurationPlatforms) = postSolution
		{45FA49D2-7A76-41D5-A930-514AAC3BDE4D}.Debug|Any CPU.ActiveCfg = Debug|Any CPU
		{45FA49D2-7A76-41D5-A930-514AAC3BDE4D}.Release|Any CPU.ActiveCfg = Release|Any CPU
	EndGlobalSection
	GlobalSection(SolutionProperties) = preSolution
		HideSolutionNode = FALSE
	EndGlobalSection
	GlobalSection(ExtensibilityGlobals) = postSolution
		SolutionGuid = {FBCBDADB-3655-4828-B3C8-CEAD3EC7A619}
	EndGlobalSection
EndGlobal
